
Microsoft Visual Studio Solution File, Format Version 12.00
# Visual Studio Version 17
VisualStudioVersion = 17.5.33414.496
MinimumVisualStudioVersion = 10.0.40219.1
Project("{FAE04EC0-301F-11D3-BF4B-00C04F79EFBC}") = "Task-3", "Task-3\Task-3.csproj", "{F1B1D726-BAF1-430A-A3AF-BEC1AD0F8E65}"
EndProject
Project("{FAE04EC0-301F-11D3-BF4B-00C04F79EFBC}") = "Task-4", "Task-4\Task-4.csproj", "{72C6004E-D43A-446A-9630-00F85F7E9864}"
EndProject
Global
	GlobalSection(SolutionConfigurationPlatforms) = preSolution
		Debug|Any CPU = Debug|Any CPU
		Release|Any CPU = Release|Any CPU
	EndGlobalSection
	GlobalSection(ProjectConfigurationPlatforms) = postSolution
		{F1B1D726-BAF1-430A-A3AF-BEC1AD0F8E65}.Debug|Any CPU.ActiveCfg = Debug|Any CPU
		{F1B1D726-BAF1-430A-A3AF-BEC1AD0F8E65}.Debug|Any CPU.Build.0 = Debug|Any CPU
		{F1B1D726-BAF1-430A-A3AF-BEC1AD0F8E65}.Release|Any CPU.ActiveCfg = Release|Any CPU
		{F1B1D726-BAF1-430A-A3AF-BEC1AD0F8E65}.Release|Any CPU.Build.0 = Release|Any CPU
		{72C6004E-D43A-446A-9630-00F85F7E9864}.Debug|Any CPU.ActiveCfg = Debug|Any CPU
		{72C6004E-D43A-446A-9630-00F85F7E9864}.Debug|Any CPU.Build.0 = Debug|Any CPU
		{72C6004E-D43A-446A-9630-00F85F7E9864}.Release|Any CPU.ActiveCfg = Release|Any CPU
		{72C6004E-D43A-446A-9630-00F85F7E9864}.Release|Any CPU.Build.0 = Release|Any CPU
	EndGlobalSection
	GlobalSection(SolutionProperties) = preSolution
		HideSolutionNode = FALSE
	EndGlobalSection
	GlobalSection(ExtensibilityGlobals) = postSolution
		SolutionGuid = {904B16A6-00A0-4B20-AECF-4BC15F4D5539}
	EndGlobalSection
EndGlobal
