
Microsoft Visual Studio Solution File, Format Version 12.00
# Visual Studio Version 17
VisualStudioVersion = 17.5.33414.496
MinimumVisualStudioVersion = 10.0.40219.1
Project("{9A19103F-16F7-4668-BE54-9A1E7A4F7556}") = "Domain", "Domain\Domain.csproj", "{FAC46921-EC16-4CDC-8BC7-62D2A46F6CEB}"
EndProject
Project("{9A19103F-16F7-4668-BE54-9A1E7A4F7556}") = "Task-3", "Task-3\Task-3.csproj", "{7046C10D-75E0-4F4B-8664-6EF4FD19269C}"
EndProject
Global
	GlobalSection(SolutionConfigurationPlatforms) = preSolution
		Debug|Any CPU = Debug|Any CPU
		Release|Any CPU = Release|Any CPU
	EndGlobalSection
	GlobalSection(ProjectConfigurationPlatforms) = postSolution
		{FAC46921-EC16-4CDC-8BC7-62D2A46F6CEB}.Debug|Any CPU.ActiveCfg = Debug|Any CPU
		{FAC46921-EC16-4CDC-8BC7-62D2A46F6CEB}.Debug|Any CPU.Build.0 = Debug|Any CPU
		{FAC46921-EC16-4CDC-8BC7-62D2A46F6CEB}.Release|Any CPU.ActiveCfg = Release|Any CPU
		{FAC46921-EC16-4CDC-8BC7-62D2A46F6CEB}.Release|Any CPU.Build.0 = Release|Any CPU
		{7046C10D-75E0-4F4B-8664-6EF4FD19269C}.Debug|Any CPU.ActiveCfg = Debug|Any CPU
		{7046C10D-75E0-4F4B-8664-6EF4FD19269C}.Debug|Any CPU.Build.0 = Debug|Any CPU
		{7046C10D-75E0-4F4B-8664-6EF4FD19269C}.Release|Any CPU.ActiveCfg = Release|Any CPU
		{7046C10D-75E0-4F4B-8664-6EF4FD19269C}.Release|Any CPU.Build.0 = Release|Any CPU
	EndGlobalSection
	GlobalSection(SolutionProperties) = preSolution
		HideSolutionNode = FALSE
	EndGlobalSection
	GlobalSection(ExtensibilityGlobals) = postSolution
		SolutionGuid = {10F9BBA8-B18F-4DD5-8678-8A6F14230CBB}
	EndGlobalSection
EndGlobal
